
Microsoft Visual Studio Solution File, Format Version 12.00
# Visual Studio 15
VisualStudioVersion = 15.0.28307.572
MinimumVisualStudioVersion = 10.0.40219.1
Project("{8BC9CEB8-8B4A-11D0-8D11-00A0C91BC942}") = "concurrent_object_pool", "concurrent_object_pool\concurrent_object_pool.vcxproj", "{C91C184D-C939-46AB-BA9C-7A8DE363194A}"
EndProject
Global
	GlobalSection(SolutionConfigurationPlatforms) = preSolution
		Debug|x64 = Debug|x64
		Debug|x86 = Debug|x86
		Release|x64 = Release|x64
		Release|x86 = Release|x86
	EndGlobalSection
	GlobalSection(ProjectConfigurationPlatforms) = postSolution
		{C91C184D-C939-46AB-BA9C-7A8DE363194A}.Debug|x64.ActiveCfg = Debug|x64
		{C91C184D-C939-46AB-BA9C-7A8DE363194A}.Debug|x64.Build.0 = Debug|x64
		{C91C184D-C939-46AB-BA9C-7A8DE363194A}.Debug|x86.ActiveCfg = Debug|x64
		{C91C184D-C939-46AB-BA9C-7A8DE363194A}.Release|x64.ActiveCfg = Release|x64
		{C91C184D-C939-46AB-BA9C-7A8DE363194A}.Release|x64.Build.0 = Release|x64
		{C91C184D-C939-46AB-BA9C-7A8DE363194A}.Release|x86.ActiveCfg = Release|x64
	EndGlobalSection
	GlobalSection(SolutionProperties) = preSolution
		HideSolutionNode = FALSE
	EndGlobalSection
	GlobalSection(ExtensibilityGlobals) = postSolution
		SolutionGuid = {5AF386D9-641B-4C93-ABC5-2173F5A29632}
	EndGlobalSection
EndGlobal
